
Microsoft Visual Studio Solution File, Format Version 12.00
Project("{FAE04EC0-301F-11D3-BF4B-00C04F79EFBC}") = "ConsoleApplication1", "ConsoleApplication1.csproj", "{60653FE5-E7A0-44E1-8715-E0EB20BDFE27}"
EndProject
Project("{FAE04EC0-301F-11D3-BF4B-00C04F79EFBC}") = "GraphCalculatorTests", "GraphCalculatorTests\GraphCalculatorTests.csproj", "{11B5D53C-BAC2-4893-80D9-7C1EC86F0F43}"
EndProject
Global
	GlobalSection(SolutionConfigurationPlatforms) = preSolution
		Debug|Any CPU = Debug|Any CPU
		Release|Any CPU = Release|Any CPU
	EndGlobalSection
	GlobalSection(ProjectConfigurationPlatforms) = postSolution
		{60653FE5-E7A0-44E1-8715-E0EB20BDFE27}.Debug|Any CPU.ActiveCfg = Debug|Any CPU
		{60653FE5-E7A0-44E1-8715-E0EB20BDFE27}.Debug|Any CPU.Build.0 = Debug|Any CPU
		{60653FE5-E7A0-44E1-8715-E0EB20BDFE27}.Release|Any CPU.ActiveCfg = Release|Any CPU
		{60653FE5-E7A0-44E1-8715-E0EB20BDFE27}.Release|Any CPU.Build.0 = Release|Any CPU
		{11B5D53C-BAC2-4893-80D9-7C1EC86F0F43}.Debug|Any CPU.ActiveCfg = Debug|Any CPU
		{11B5D53C-BAC2-4893-80D9-7C1EC86F0F43}.Debug|Any CPU.Build.0 = Debug|Any CPU
		{11B5D53C-BAC2-4893-80D9-7C1EC86F0F43}.Release|Any CPU.ActiveCfg = Release|Any CPU
		{11B5D53C-BAC2-4893-80D9-7C1EC86F0F43}.Release|Any CPU.Build.0 = Release|Any CPU
	EndGlobalSection
EndGlobal
